Microsoft Visual Studio Solution File, Format Version 12.00
# Visual Studio Version 17
VisualStudioVersion = 17.5.2.0
MinimumVisualStudioVersion = 10.0.40219.1
Project("{2150E333-8FDC-42A3-9474-1A3956D46DE8}") = "Lesson05", "Lesson05", "{302E8387-FDAB-43F7-F303-2279B5BFD1CB}"
EndProject
Project("{2150E333-8FDC-42A3-9474-1A3956D46DE8}") = "solution", "solution", "{76D95211-182D-751E-F995-4C0EE7A1C3FD}"
EndProject
Project("{FAE04EC0-301F-11D3-BF4B-00C04F79EFBC}") = "airline-wsdl", "Lesson05\solution\airline-wsdl\airline-wsdl.csproj", "{5B493D78-0DFA-EF27-A50C-D0E72C9BDE6F}"
EndProject
Global
	GlobalSection(SolutionConfigurationPlatforms) = preSolution
		Debug|Any CPU = Debug|Any CPU
		Release|Any CPU = Release|Any CPU
	EndGlobalSection
	GlobalSection(ProjectConfigurationPlatforms) = postSolution
		{5B493D78-0DFA-EF27-A50C-D0E72C9BDE6F}.Debug|Any CPU.ActiveCfg = Debug|Any CPU
		{5B493D78-0DFA-EF27-A50C-D0E72C9BDE6F}.Debug|Any CPU.Build.0 = Debug|Any CPU
		{5B493D78-0DFA-EF27-A50C-D0E72C9BDE6F}.Release|Any CPU.ActiveCfg = Release|Any CPU
		{5B493D78-0DFA-EF27-A50C-D0E72C9BDE6F}.Release|Any CPU.Build.0 = Release|Any CPU
	EndGlobalSection
	GlobalSection(SolutionProperties) = preSolution
		HideSolutionNode = FALSE
	EndGlobalSection
	GlobalSection(NestedProjects) = preSolution
		{76D95211-182D-751E-F995-4C0EE7A1C3FD} = {302E8387-FDAB-43F7-F303-2279B5BFD1CB}
		{5B493D78-0DFA-EF27-A50C-D0E72C9BDE6F} = {76D95211-182D-751E-F995-4C0EE7A1C3FD}
	EndGlobalSection
	GlobalSection(ExtensibilityGlobals) = postSolution
		SolutionGuid = {EC2E00A8-7228-43B6-8520-2551A8FA2FAA}
	EndGlobalSection
EndGlobal
